PODS:
  - IQKeyboardManager (6.5.19)
  - Realm (10.50.1):
    - Realm/Headers (= 10.50.1)
  - Realm/Headers (10.50.1)
  - RealmSwift (10.50.1):
    - Realm (= 10.50.1)

DEPENDENCIES:
  - IQKeyboardManager (>= 6.5.0)
  - RealmSwift (~> 10)

SPEC REPOS:
  trunk:
    - IQKeyboardManager
    - Realm
    - RealmSwift

SPEC CHECKSUMS:
  IQKeyboardManager: c8665b3396bd0b79402b4c573eac345a31c7d485
  Realm: 36bc9fe2681d7cf234aa487e7990821c772206a2
  RealmSwift: 84a370d3d4f191d327a9f8ade1f064a274f79847

PODFILE CHECKSUM: aaa51bf60ebf43c9133c2aaae71e9234e8f9f4b0

COCOAPODS: 1.15.2
